
Microsoft Visual Studio Solution File, Format Version 12.00
# Visual Studio Version 16
VisualStudioVersion = 16.0.30717.126
MinimumVisualStudioVersion = 10.0.40219.1
Project("{FAE04EC0-301F-11D3-BF4B-00C04F79EFBC}") = "Kübra", "Kübra\Kübra.csproj", "{F4C2CA6E-F5C4-409F-8B7D-9E4AAFE36AAE}"
EndProject
Global
	GlobalSection(SolutionConfigurationPlatforms) = preSolution
		Debug|Any CPU = Debug|Any CPU
		Release|Any CPU = Release|Any CPU
	EndGlobalSection
	GlobalSection(ProjectConfigurationPlatforms) = postSolution
		{F4C2CA6E-F5C4-409F-8B7D-9E4AAFE36AAE}.Debug|Any CPU.ActiveCfg = Debug|Any CPU
		{F4C2CA6E-F5C4-409F-8B7D-9E4AAFE36AAE}.Debug|Any CPU.Build.0 = Debug|Any CPU
		{F4C2CA6E-F5C4-409F-8B7D-9E4AAFE36AAE}.Release|Any CPU.ActiveCfg = Release|Any CPU
		{F4C2CA6E-F5C4-409F-8B7D-9E4AAFE36AAE}.Release|Any CPU.Build.0 = Release|Any CPU
	EndGlobalSection
	GlobalSection(SolutionProperties) = preSolution
		HideSolutionNode = FALSE
	EndGlobalSection
	GlobalSection(ExtensibilityGlobals) = postSolution
		SolutionGuid = {CE98221D-AEE5-49E5-B0D9-E9C7F8E08C0B}
	EndGlobalSection
EndGlobal
